{
  "name": "graphql-interface-inliner",
  "version": "1.0.1",
  "lockfileVersion": 1,
  "dependencies": {
    "@types/chalk": {
      "version": "0.4.31",
      "resolved": "https://registry.npmjs.org/@types/chalk/-/chalk-0.4.31.tgz",
      "integrity": "sha1-ox10JBprHtu5c8822XooloNKUfk="
    },
    "@types/cuid": {
      "version": "1.3.0",
      "resolved": "https://registry.npmjs.org/@types/cuid/-/cuid-1.3.0.tgz",
      "integrity": "sha1-ILDgDKVV31ZIZrxS0uJRv5DIjbc="
    },
    "@types/debug": {
      "version": "0.0.29",
      "resolved": "https://registry.npmjs.org/@types/debug/-/debug-0.0.29.tgz",
      "integrity": "sha1-oeUUrfvZLwOiJLpU1pMRHb8fN1Q="
    },
    "@types/isomorphic-fetch": {
      "version": "0.0.33",
      "resolved": "https://registry.npmjs.org/@types/isomorphic-fetch/-/isomorphic-fetch-0.0.33.tgz",
      "integrity": "sha1-PqG4b4tz5qdDDQHU29Wx9j/XJxg="
    },
    "@types/lodash": {
      "version": "4.14.74",
      "resolved": "https://registry.npmjs.org/@types/lodash/-/lodash-4.14.74.tgz",
      "integrity": "sha512-BZknw3E/z3JmCLqQVANcR17okqVTPZdlxvcIz0fJiJVLUCbSH1hK3zs9r634PVSmrzAxN+n/fxlVRiYoArdOIQ=="
    },
    "@types/minimist": {
      "version": "1.2.0",
      "resolved": "https://registry.npmjs.org/@types/minimist/-/minimist-1.2.0.tgz",
      "integrity": "sha1-aaI6OtKcrwCX8G7aWbNh7i8GOfY="
    },
    "@types/node": {
      "version": "7.0.43",
      "resolved": "https://registry.npmjs.org/@types/node/-/node-7.0.43.tgz",
      "integrity": "sha512-7scYwwfHNppXvH/9JzakbVxk0o0QUILVk1Lv64GRaxwPuGpnF1QBiwdvhDpLcymb8BpomQL3KYoWKq3wUdDMhQ=="
    },
    "@types/open": {
      "version": "0.0.29",
      "resolved": "https://registry.npmjs.org/@types/open/-/open-0.0.29.tgz",
      "integrity": "sha1-PekQASZ0kJ2xTWCNH95E/6ep7Oo="
    },
    "@types/ora": {
      "version": "0.3.32",
      "resolved": "https://registry.npmjs.org/@types/ora/-/ora-0.3.32.tgz",
      "integrity": "sha512-zNE0Bmrh31dTsSKYV/y5lTFgcy5V/l6k7Zh4pGqg/G7lFGgvTMJQxSD7XhZNK0tHtP/zvNdbwMFJvtmOWvhyHQ=="
    },
    "ajv": {
      "version": "4.11.8",
      "resolved": "https://registry.npmjs.org/ajv/-/ajv-4.11.8.tgz",
      "integrity": "sha1-gv+wKynmYq5TvcIK8VlHcGc5xTY="
    },
    "ajv-keywords": {
      "version": "1.5.1",
      "resolved": "https://registry.npmjs.org/ajv-keywords/-/ajv-keywords-1.5.1.tgz",
      "integrity": "sha1-MU3QpLM2j609/NxU7eYXG4htrzw="
    },
    "ansi-regex": {
      "version": "2.1.1",
      "resolved": "https://registry.npmjs.org/ansi-regex/-/ansi-regex-2.1.1.tgz",
      "integrity": "sha1-w7M6te42DYbg5ijwRorn7yfWVN8="
    },
    "ansi-styles": {
      "version": "2.2.1",
      "resolved": "https://registry.npmjs.org/ansi-styles/-/ansi-styles-2.2.1.tgz",
      "integrity": "sha1-tDLdM1i2NM914eRmQ2gkBTPB3b4="
    },
    "asn1": {
      "version": "0.2.3",
      "resolved": "https://registry.npmjs.org/asn1/-/asn1-0.2.3.tgz",
      "integrity": "sha1-2sh4dxPJlmhJ/IGAd36+nB3fO4Y="
    },
    "assert-plus": {
      "version": "0.2.0",
      "resolved": "https://registry.npmjs.org/assert-plus/-/assert-plus-0.2.0.tgz",
      "integrity": "sha1-104bh+ev/A24qttwIfP+SBAasjQ="
    },
    "async-kit": {
      "version": "2.2.3",
      "resolved": "https://registry.npmjs.org/async-kit/-/async-kit-2.2.3.tgz",
      "integrity": "sha1-JkdRonndxfWbQZY4uAWuLEmFj7c=",
      "dependencies": {
        "nextgen-events": {
          "version": "0.9.9",
          "resolved": "https://registry.npmjs.org/nextgen-events/-/nextgen-events-0.9.9.tgz",
          "integrity": "sha1-OaivxKK4RTiMV+LGu5cWcRmGo6A="
        }
      }
    },
    "asynckit": {
      "version": "0.4.0",
      "resolved": "https://registry.npmjs.org/asynckit/-/asynckit-0.4.0.tgz",
      "integrity": "sha1-x57Zf380y48robyXkLzDZkdLS3k="
    },
    "aws-sign2": {
      "version": "0.6.0",
      "resolved": "https://registry.npmjs.org/aws-sign2/-/aws-sign2-0.6.0.tgz",
      "integrity": "sha1-FDQt0428yU0OW4fXY81jYSwOeU8="
    },
    "aws4": {
      "version": "1.6.0",
      "resolved": "https://registry.npmjs.org/aws4/-/aws4-1.6.0.tgz",
      "integrity": "sha1-g+9cqGCysy5KDe7e6MdxudtXRx4="
    },
    "babel-runtime": {
      "version": "6.26.0",
      "resolved": "https://registry.npmjs.org/babel-runtime/-/babel-runtime-6.26.0.tgz",
      "integrity": "sha1-llxwWGaOgrVde/4E/yM3vItWR/4=",
      "dependencies": {
        "core-js": {
          "version": "2.5.1",
          "resolved": "https://registry.npmjs.org/core-js/-/core-js-2.5.1.tgz",
          "integrity": "sha1-rmh03GaTd4m4B1T/VCjfZoGcpQs="
        }
      }
    },
    "bcrypt-pbkdf": {
      "version": "1.0.1",
      "resolved": "https://registry.npmjs.org/bcrypt-pbkdf/-/bcrypt-pbkdf-1.0.1.tgz",
      "integrity": "sha1-Y7xdy2EzG5K8Bf1SiVPDNGKgb40=",
      "optional": true
    },
    "blessed": {
      "version": "0.1.81",
      "resolved": "https://registry.npmjs.org/blessed/-/blessed-0.1.81.tgz",
      "integrity": "sha1-+WLWh+wsNpVwrnGvhDJW5tDKESk="
    },
    "boom": {
      "version": "2.10.1",
      "resolved": "https://registry.npmjs.org/boom/-/boom-2.10.1.tgz",
      "integrity": "sha1-OciRjO/1eZ+D+UkqhI9iWt0Mdm8="
    },
    "browser-fingerprint": {
      "version": "0.0.1",
      "resolved": "https://registry.npmjs.org/browser-fingerprint/-/browser-fingerprint-0.0.1.tgz",
      "integrity": "sha1-jfPNyiW/fVs1QtYVRdcwBT/OYEo="
    },
    "caseless": {
      "version": "0.12.0",
      "resolved": "https://registry.npmjs.org/caseless/-/caseless-0.12.0.tgz",
      "integrity": "sha1-G2gcIf+EAzyCZUMJBolCDRhxUdw="
    },
    "chalk": {
      "version": "1.1.3",
      "resolved": "https://registry.npmjs.org/chalk/-/chalk-1.1.3.tgz",
      "integrity": "sha1-qBFcVeSnAv5NFQq9OHKCKn4J/Jg="
    },
    "cli-cursor": {
      "version": "2.1.0",
      "resolved": "https://registry.npmjs.org/cli-cursor/-/cli-cursor-2.1.0.tgz",
      "integrity": "sha1-s12sN2R5+sw+lHR9QdDQ9SOP/LU="
    },
    "cli-spinners": {
      "version": "1.0.0",
      "resolved": "https://registry.npmjs.org/cli-spinners/-/cli-spinners-1.0.0.tgz",
      "integrity": "sha1-75h+09SDkaw9q5GAtAanQhgNbmo="
    },
    "clone": {
      "version": "2.1.1",
      "resolved": "https://registry.npmjs.org/clone/-/clone-2.1.1.tgz",
      "integrity": "sha1-0hfR6WERjjrJpLi7oyhVU79kfNs="
    },
    "co": {
      "version": "4.6.0",
      "resolved": "https://registry.npmjs.org/co/-/co-4.6.0.tgz",
      "integrity": "sha1-bqa989hTrlTMuOR7+gvz+QMfsYQ="
    },
    "combined-stream": {
      "version": "1.0.5",
      "resolved": "https://registry.npmjs.org/combined-stream/-/combined-stream-1.0.5.tgz",
      "integrity": "sha1-k4NwpXtKUd6ix3wV1cX9+JUWQAk="
    },
    "commander": {
      "version": "2.11.0",
      "resolved": "https://registry.npmjs.org/commander/-/commander-2.11.0.tgz",
      "integrity": "sha512-b0553uYA5YAEGgyYIGYROzKQ7X5RAqedkfjiZxwi0kL1g3bOaBNNZfYkzt/CL0umgD5wc9Jec2FbB98CjkMRvQ=="
    },
    "cookie": {
      "version": "0.3.1",
      "resolved": "https://registry.npmjs.org/cookie/-/cookie-0.3.1.tgz",
      "integrity": "sha1-5+Ch+e9DtMi6klxcWpboBtFoc7s="
    },
    "core-js": {
      "version": "1.2.7",
      "resolved": "https://registry.npmjs.org/core-js/-/core-js-1.2.7.tgz",
      "integrity": "sha1-ZSKUwUZR2yj6k70tX/KYOk8IxjY="
    },
    "core-util-is": {
      "version": "1.0.2",
      "resolved": "https://registry.npmjs.org/core-util-is/-/core-util-is-1.0.2.tgz",
      "integrity": "sha1-tf1UIgqivFq1eqtxQMlAdUUDwac="
    },
    "cryptiles": {
      "version": "2.0.5",
      "resolved": "https://registry.npmjs.org/cryptiles/-/cryptiles-2.0.5.tgz",
      "integrity": "sha1-O9/s3GCBR8HGcgL6KR59ylnqo7g="
    },
    "cuid": {
      "version": "1.3.8",
      "resolved": "https://registry.npmjs.org/cuid/-/cuid-1.3.8.tgz",
      "integrity": "sha1-S4deCWm612T37AcGz0T1+wgx9rc="
    },
    "cwise-compiler": {
      "version": "1.1.3",
      "resolved": "https://registry.npmjs.org/cwise-compiler/-/cwise-compiler-1.1.3.tgz",
      "integrity": "sha1-9NZnQQ6FDToxOn0tt7HlBbsDTMU="
    },
    "dashdash": {
      "version": "1.14.1",
      "resolved": "https://registry.npmjs.org/dashdash/-/dashdash-1.14.1.tgz",
      "integrity": "sha1-hTz6D3y+L+1d4gMmuN1YEDX24vA=",
      "dependencies": {
        "assert-plus": {
          "version": "1.0.0",
          "resolved": "https://registry.npmjs.org/assert-plus/-/assert-plus-1.0.0.tgz",
          "integrity": "sha1-8S4PPF13sLHN2RRpQuTpbB5N1SU="
        }
      }
    },
    "data-uri-to-buffer": {
      "version": "0.0.3",
      "resolved": "https://registry.npmjs.org/data-uri-to-buffer/-/data-uri-to-buffer-0.0.3.tgz",
      "integrity": "sha1-GK6XmmoMqZSwYlhTkW0mYruuCxo="
    },
    "debug": {
      "version": "2.6.8",
      "resolved": "https://registry.npmjs.org/debug/-/debug-2.6.8.tgz",
      "integrity": "sha1-5zFTHKLt4n0YgiJCfaF4IdaP9Pw="
    },
    "delayed-stream": {
      "version": "1.0.0",
      "resolved": "https://registry.npmjs.org/delayed-stream/-/delayed-stream-1.0.0.tgz",
      "integrity": "sha1-3zrhmayt+31ECqrgsp4icrJOxhk="
    },
    "ecc-jsbn": {
      "version": "0.1.1",
      "resolved": "https://registry.npmjs.org/ecc-jsbn/-/ecc-jsbn-0.1.1.tgz",
      "integrity": "sha1-D8c6ntXw1Tw4GTOYUj735UN3dQU=",
      "optional": true
    },
    "encoding": {
      "version": "0.1.12",
      "resolved": "https://registry.npmjs.org/encoding/-/encoding-0.1.12.tgz",
      "integrity": "sha1-U4tm8+5izRq1HsMjgp0flIDHS+s="
    },
    "escape-string-regexp": {
      "version": "1.0.5",
      "resolved": "https://registry.npmjs.org/escape-string-regexp/-/escape-string-regexp-1.0.5.tgz",
      "integrity": "sha1-G2HAViGQqN/2rjuyzwIAyhMLhtQ="
    },
    "extend": {
      "version": "3.0.1",
      "resolved": "https://registry.npmjs.org/extend/-/extend-3.0.1.tgz",
      "integrity": "sha1-p1Xqe8Gt/MWjHOfnYtuq3F5jZEQ="
    },
    "extsprintf": {
      "version": "1.3.0",
      "resolved": "https://registry.npmjs.org/extsprintf/-/extsprintf-1.3.0.tgz",
      "integrity": "sha1-lpGEQOMEGnpBT4xS48V06zw+HgU="
    },
    "figures": {
      "version": "2.0.0",
      "resolved": "https://registry.npmjs.org/figures/-/figures-2.0.0.tgz",
      "integrity": "sha1-OrGi0qYsi/tDGgyUy3l6L84nyWI="
    },
    "flatmap": {
      "version": "0.0.3",
      "resolved": "https://registry.npmjs.org/flatmap/-/flatmap-0.0.3.tgz",
      "integrity": "sha1-Hxik2TgVLUlZZfnJWNkjqy3WabQ="
    },
    "forever-agent": {
      "version": "0.6.1",
      "resolved": "https://registry.npmjs.org/forever-agent/-/forever-agent-0.6.1.tgz",
      "integrity": "sha1-+8cfDEGt6zf5bFd60e1C2P2sypE="
    },
    "form-data": {
      "version": "2.1.4",
      "resolved": "https://registry.npmjs.org/form-data/-/form-data-2.1.4.tgz",
      "integrity": "sha1-M8GDrPGTJ27KqYFDpp6Uv+4XUNE="
    },
    "get-pixels": {
      "version": "3.3.0",
      "resolved": "https://registry.npmjs.org/get-pixels/-/get-pixels-3.3.0.tgz",
      "integrity": "sha1-jZeVvq4YhQuED3SVgbrcBdPjbkE="
    },
    "getpass": {
      "version": "0.1.7",
      "resolved": "https://registry.npmjs.org/getpass/-/getpass-0.1.7.tgz",
      "integrity": "sha1-Xv+OPmhNVprkyysSgmBOi6YhSfo=",
      "dependencies": {
        "assert-plus": {
          "version": "1.0.0",
          "resolved": "https://registry.npmjs.org/assert-plus/-/assert-plus-1.0.0.tgz",
          "integrity": "sha1-8S4PPF13sLHN2RRpQuTpbB5N1SU="
        }
      }
    },
    "graphcool": {
      "version": "1.2.1",
      "resolved": "https://registry.npmjs.org/graphcool/-/graphcool-1.2.1.tgz",
      "integrity": "sha1-inFnvnI+3sS6TETDGxsHiQQtLwk="
    },
    "graphql": {
      "version": "0.11.2",
      "resolved": "https://registry.npmjs.org/graphql/-/graphql-0.11.2.tgz",
      "integrity": "sha512-g+hsqCqge/XtsUspTlWWsDgbdWSKR8TtZnrBdSoe+XBOaNHjSggS/Gl1vOn4zTD5EdNkfAnvwK9eQJqOV09Nkw=="
    },
    "har-schema": {
      "version": "1.0.5",
      "resolved": "https://registry.npmjs.org/har-schema/-/har-schema-1.0.5.tgz",
      "integrity": "sha1-0mMTX0MwfALGAq/I/pWXDAFRNp4="
    },
    "har-validator": {
      "version": "4.2.1",
      "resolved": "https://registry.npmjs.org/har-validator/-/har-validator-4.2.1.tgz",
      "integrity": "sha1-M0gdDxu/9gDdID11gSpqX7oALio="
    },
    "has-ansi": {
      "version": "2.0.0",
      "resolved": "https://registry.npmjs.org/has-ansi/-/has-ansi-2.0.0.tgz",
      "integrity": "sha1-NPUEnOHs3ysGSa8+8k5F7TVBbZE="
    },
    "hawk": {
      "version": "3.1.3",
      "resolved": "https://registry.npmjs.org/hawk/-/hawk-3.1.3.tgz",
      "integrity": "sha1-B4REvXwWQLD+VA0sm3PVlnjo4cQ="
    },
    "hoek": {
      "version": "2.16.3",
      "resolved": "https://registry.npmjs.org/hoek/-/hoek-2.16.3.tgz",
      "integrity": "sha1-ILt0A9POo5jpHcRxCo/xuCdKJe0="
    },
    "http-signature": {
      "version": "1.1.1",
      "resolved": "https://registry.npmjs.org/http-signature/-/http-signature-1.1.1.tgz",
      "integrity": "sha1-33LiZwZs0Kxn+3at+OE0qPvPkb8="
    },
    "iconv-lite": {
      "version": "0.4.18",
      "resolved": "https://registry.npmjs.org/iconv-lite/-/iconv-lite-0.4.18.tgz",
      "integrity": "sha512-sr1ZQph3UwHTR0XftSbK85OvBbxe/abLGzEnPENCQwmHf7sck8Oyu4ob3LgBxWWxRoM+QszeUyl7jbqapu2TqA=="
    },
    "iota-array": {
      "version": "1.0.0",
      "resolved": "https://registry.npmjs.org/iota-array/-/iota-array-1.0.0.tgz",
      "integrity": "sha1-ge9X/l0FgUzVjCSDYyqZwwoOgIc="
    },
    "is-buffer": {
      "version": "1.1.5",
      "resolved": "https://registry.npmjs.org/is-buffer/-/is-buffer-1.1.5.tgz",
      "integrity": "sha1-Hzsm72E7IUuIy8ojzGwB2Hlh7sw="
    },
    "is-fullwidth-code-point": {
      "version": "2.0.0",
      "resolved": "https://registry.npmjs.org/is-fullwidth-code-point/-/is-fullwidth-code-point-2.0.0.tgz",
      "integrity": "sha1-o7MKXE8ZkYMWeqq5O+764937ZU8="
    },
    "is-stream": {
      "version": "1.1.0",
      "resolved": "https://registry.npmjs.org/is-stream/-/is-stream-1.1.0.tgz",
      "integrity": "sha1-EtSj3U5o4Lec6428hBc66A2RykQ="
    },
    "is-typedarray": {
      "version": "1.0.0",
      "resolved": "https://registry.npmjs.org/is-typedarray/-/is-typedarray-1.0.0.tgz",
      "integrity": "sha1-5HnICFjfDBsR3dppQPlgEfzaSpo="
    },
    "isomorphic-fetch": {
      "version": "2.2.1",
      "resolved": "https://registry.npmjs.org/isomorphic-fetch/-/isomorphic-fetch-2.2.1.tgz",
      "integrity": "sha1-YRrhrPFPXoH3KVB0coGf6XM1WKk="
    },
    "isstream": {
      "version": "0.1.2",
      "resolved": "https://registry.npmjs.org/isstream/-/isstream-0.1.2.tgz",
      "integrity": "sha1-R+Y/evVa+m+S4VAOaQ64uFKcCZo="
    },
    "iterall": {
      "version": "1.1.1",
      "resolved": "https://registry.npmjs.org/iterall/-/iterall-1.1.1.tgz",
      "integrity": "sha1-9/CvEemgTsZCYmD1AZ2fzKTVAhQ="
    },
    "jpeg-js": {
      "version": "0.1.2",
      "resolved": "https://registry.npmjs.org/jpeg-js/-/jpeg-js-0.1.2.tgz",
      "integrity": "sha1-E1uZLAV1yYXPoPSUoyJ+0jhYPs4="
    },
    "jsbn": {
      "version": "0.1.1",
      "resolved": "https://registry.npmjs.org/jsbn/-/jsbn-0.1.1.tgz",
      "integrity": "sha1-peZUwuWi3rXyAdls77yoDA7y9RM=",
      "optional": true
    },
    "json-schema": {
      "version": "0.2.3",
      "resolved": "https://registry.npmjs.org/json-schema/-/json-schema-0.2.3.tgz",
      "integrity": "sha1-tIDIkuWaLwWVTOcnvT8qTogvnhM="
    },
    "json-stable-stringify": {
      "version": "1.0.1",
      "resolved": "https://registry.npmjs.org/json-stable-stringify/-/json-stable-stringify-1.0.1.tgz",
      "integrity": "sha1-mnWdOcXy/1A/1TAGRu1EX4jE+a8="
    },
    "json-stringify-safe": {
      "version": "5.0.1",
      "resolved": "https://registry.npmjs.org/json-stringify-safe/-/json-stringify-safe-5.0.1.tgz",
      "integrity": "sha1-Epai1Y/UXxmg9s4B1lcB4sc1tus="
    },
    "jsonify": {
      "version": "0.0.0",
      "resolved": "https://registry.npmjs.org/jsonify/-/jsonify-0.0.0.tgz",
      "integrity": "sha1-LHS27kHZPKUbe1qu6PUDYx0lKnM="
    },
    "jsprim": {
      "version": "1.4.1",
      "resolved": "https://registry.npmjs.org/jsprim/-/jsprim-1.4.1.tgz",
      "integrity": "sha1-MT5mvB5cwG5Di8G3SZwuXFastqI=",
      "dependencies": {
        "assert-plus": {
          "version": "1.0.0",
          "resolved": "https://registry.npmjs.org/assert-plus/-/assert-plus-1.0.0.tgz",
          "integrity": "sha1-8S4PPF13sLHN2RRpQuTpbB5N1SU="
        }
      }
    },
    "lodash": {
      "version": "4.17.4",
      "resolved": "https://registry.npmjs.org/lodash/-/lodash-4.17.4.tgz",
      "integrity": "sha1-eCA6TRwyiuHYbcpkYONptX9AVa4="
    },
    "log-symbols": {
      "version": "1.0.2",
      "resolved": "https://registry.npmjs.org/log-symbols/-/log-symbols-1.0.2.tgz",
      "integrity": "sha1-N2/3tY6jCGoPCfrMdGF+ylAeGhg="
    },
    "lokka": {
      "version": "1.7.0",
      "resolved": "https://registry.npmjs.org/lokka/-/lokka-1.7.0.tgz",
      "integrity": "sha1-qy6DNGEtKv01mqiQR1R7194hBGw="
    },
    "lokka-transport-http": {
      "version": "1.6.1",
      "resolved": "https://registry.npmjs.org/lokka-transport-http/-/lokka-transport-http-1.6.1.tgz",
      "integrity": "sha1-DfvC3J6CX25YIYMPPz9/P4OkrWU=",
      "dependencies": {
        "whatwg-fetch": {
          "version": "1.1.1",
          "resolved": "https://registry.npmjs.org/whatwg-fetch/-/whatwg-fetch-1.1.1.tgz",
          "integrity": "sha1-rDydOfMgxtzlM5lp0FTvQ90zMxk="
        }
      }
    },
    "lsmod": {
      "version": "1.0.0",
      "resolved": "https://registry.npmjs.org/lsmod/-/lsmod-1.0.0.tgz",
      "integrity": "sha1-mgD3bco26yP6BTUK/htYXUKZ5ks="
    },
    "mime-db": {
      "version": "1.30.0",
      "resolved": "https://registry.npmjs.org/mime-db/-/mime-db-1.30.0.tgz",
      "integrity": "sha1-dMZD2i3Z1qRTmZY0ZbJtXKfXHwE="
    },
    "mime-types": {
      "version": "2.1.17",
      "resolved": "https://registry.npmjs.org/mime-types/-/mime-types-2.1.17.tgz",
      "integrity": "sha1-Cdejk/A+mVp5+K+Fe3Cp4KsWVXo="
    },
    "mimic-fn": {
      "version": "1.1.0",
      "resolved": "https://registry.npmjs.org/mimic-fn/-/mimic-fn-1.1.0.tgz",
      "integrity": "sha1-5md4PZLonb00KBi1IwudYqZyrRg="
    },
    "minimist": {
      "version": "1.2.0",
      "resolved": "https://registry.npmjs.org/minimist/-/minimist-1.2.0.tgz",
      "integrity": "sha1-o1AIsg9BOD7sH7kU9M1d95omQoQ="
    },
    "ms": {
      "version": "2.0.0",
      "resolved": "https://registry.npmjs.org/ms/-/ms-2.0.0.tgz",
      "integrity": "sha1-VgiurfwAvmwpAd9fmGF4jeDVl8g="
    },
    "ndarray": {
      "version": "1.0.18",
      "resolved": "https://registry.npmjs.org/ndarray/-/ndarray-1.0.18.tgz",
      "integrity": "sha1-tg06cyJOxVXQ+qeXEeUCRI/T95M="
    },
    "ndarray-pack": {
      "version": "1.2.1",
      "resolved": "https://registry.npmjs.org/ndarray-pack/-/ndarray-pack-1.2.1.tgz",
      "integrity": "sha1-jK6+qqJNXs9w/4YCBjeXfajuWFo="
    },
    "nextgen-events": {
      "version": "0.10.0",
      "resolved": "https://registry.npmjs.org/nextgen-events/-/nextgen-events-0.10.0.tgz",
      "integrity": "sha1-9H1NIOwRS/mfSPjEmujUq2Ni7s0="
    },
    "node-bitmap": {
      "version": "0.0.1",
      "resolved": "https://registry.npmjs.org/node-bitmap/-/node-bitmap-0.0.1.tgz",
      "integrity": "sha1-GA6scAPgxwdhjvMTaPYvhLKmkJE="
    },
    "node-fetch": {
      "version": "1.7.2",
      "resolved": "https://registry.npmjs.org/node-fetch/-/node-fetch-1.7.2.tgz",
      "integrity": "sha512-xZZUq2yDhKMIn/UgG5q//IZSNLJIwW2QxS14CNH5spuiXkITM2pUitjdq58yLSaU7m4M0wBNaM2Gh/ggY4YJig=="
    },
    "node-fingerprint": {
      "version": "0.0.2",
      "resolved": "https://registry.npmjs.org/node-fingerprint/-/node-fingerprint-0.0.2.tgz",
      "integrity": "sha1-Mcur63GmeufdWn3AQuUcPHWGhQE="
    },
    "oauth-sign": {
      "version": "0.8.2",
      "resolved": "https://registry.npmjs.org/oauth-sign/-/oauth-sign-0.8.2.tgz",
      "integrity": "sha1-Rqarfwrq2N6unsBWV4C31O/rnUM="
    },
    "omggif": {
      "version": "1.0.8",
      "resolved": "https://registry.npmjs.org/omggif/-/omggif-1.0.8.tgz",
      "integrity": "sha1-F483sqsLPXtG7ToORr0HkLWNNTA="
    },
    "onetime": {
      "version": "2.0.1",
      "resolved": "https://registry.npmjs.org/onetime/-/onetime-2.0.1.tgz",
      "integrity": "sha1-BnQoIw/WdEOyeUsiu6UotoZ5YtQ="
    },
    "open": {
      "version": "0.0.5",
      "resolved": "https://registry.npmjs.org/open/-/open-0.0.5.tgz",
      "integrity": "sha1-QsPhjslUZra/DcQvOilFw/DK2Pw="
    },
    "ora": {
      "version": "1.3.0",
      "resolved": "https://registry.npmjs.org/ora/-/ora-1.3.0.tgz",
      "integrity": "sha1-gAeN0rkqk0r2ajrXKluRBpTt5Ro="
    },
    "parse-data-uri": {
      "version": "0.2.0",
      "resolved": "https://registry.npmjs.org/parse-data-uri/-/parse-data-uri-0.2.0.tgz",
      "integrity": "sha1-vwTYUd1ch7CrI45dAazklLYEtMk="
    },
    "performance-now": {
      "version": "0.2.0",
      "resolved": "https://registry.npmjs.org/performance-now/-/performance-now-0.2.0.tgz",
      "integrity": "sha1-M+8wxcd9TqIcWlOGnZG1bY8lVeU="
    },
    "pngjs": {
      "version": "2.3.1",
      "resolved": "https://registry.npmjs.org/pngjs/-/pngjs-2.3.1.tgz",
      "integrity": "sha1-EdHhK5y2TWPjDBQ6Mw9MH1Z9qF8="
    },
    "punycode": {
      "version": "1.4.1",
      "resolved": "https://registry.npmjs.org/punycode/-/punycode-1.4.1.tgz",
      "integrity": "sha1-wNWmOycYgArY4esPpSachN1BhF4="
    },
    "qs": {
      "version": "6.4.0",
      "resolved": "https://registry.npmjs.org/qs/-/qs-6.4.0.tgz",
      "integrity": "sha1-E+JtKK1rD/qpExLNO/cI7TUecjM="
    },
    "raven": {
      "version": "2.1.2",
      "resolved": "https://registry.npmjs.org/raven/-/raven-2.1.2.tgz",
      "integrity": "sha512-pBopqPVAuzEP5jyyqEPxJvXg788dAJ9p8NXoHVLF598Ih7MApu2AWT/QHNk2Fa4Rx/xV9yTYDEtAujLXX1FvRg==",
      "dependencies": {
        "uuid": {
          "version": "3.0.0",
          "resolved": "https://registry.npmjs.org/uuid/-/uuid-3.0.0.tgz",
          "integrity": "sha1-Zyj8BFnEUNeWqZwxg3VpvfZy1yg="
        }
      }
    },
    "regenerator-runtime": {
      "version": "0.11.0",
      "resolved": "https://registry.npmjs.org/regenerator-runtime/-/regenerator-runtime-0.11.0.tgz",
      "integrity": "sha512-/aA0kLeRb5N9K0d4fw7ooEbI+xDe+DKD499EQqygGqeS8N3xto15p09uY2xj7ixP81sNPXvRLnAQIqdVStgb1A=="
    },
    "request": {
      "version": "2.81.0",
      "resolved": "https://registry.npmjs.org/request/-/request-2.81.0.tgz",
      "integrity": "sha1-xpKJRqDgbF+Nb4qTM0af/aRimKA=",
      "dependencies": {
        "uuid": {
          "version": "3.1.0",
          "resolved": "https://registry.npmjs.org/uuid/-/uuid-3.1.0.tgz",
          "integrity": "sha512-DIWtzUkw04M4k3bf1IcpS2tngXEL26YUD2M0tMDUpnUrz2hgzUBlD55a4FjdLGPvfHxS6uluGWvaVEqgBcVa+g=="
        }
      }
    },
    "restore-cursor": {
      "version": "2.0.0",
      "resolved": "https://registry.npmjs.org/restore-cursor/-/restore-cursor-2.0.0.tgz",
      "integrity": "sha1-n37ih/gv0ybU/RYpI9YhKe7g368="
    },
    "safe-buffer": {
      "version": "5.1.1",
      "resolved": "https://registry.npmjs.org/safe-buffer/-/safe-buffer-5.1.1.tgz",
      "integrity": "sha512-kKvNJn6Mm93gAczWVJg7wH+wGYWNrDHdWvpUmHyEsgCtIwwo3bqPtV4tR5tuPaUhTOo/kvhVwd8XwwOllGYkbg=="
    },
    "signal-exit": {
      "version": "3.0.2",
      "resolved": "https://registry.npmjs.org/signal-exit/-/signal-exit-3.0.2.tgz",
      "integrity": "sha1-tf3AjxKH6hF4Yo5BXiUTK3NkbG0="
    },
    "sillyname": {
      "version": "0.1.0",
      "resolved": "https://registry.npmjs.org/sillyname/-/sillyname-0.1.0.tgz",
      "integrity": "sha1-z9mIWOJJhnE0d3Xv47tRQfRsh9Y="
    },
    "slice-ansi": {
      "version": "0.0.4",
      "resolved": "https://registry.npmjs.org/slice-ansi/-/slice-ansi-0.0.4.tgz",
      "integrity": "sha1-7b+JA/ZvfOL46v1s7tZeJkyDGzU="
    },
    "sntp": {
      "version": "1.0.9",
      "resolved": "https://registry.npmjs.org/sntp/-/sntp-1.0.9.tgz",
      "integrity": "sha1-ZUEYTMkK7qbG57NeJlkIJEPGYZg="
    },
    "sshpk": {
      "version": "1.13.1",
      "resolved": "https://registry.npmjs.org/sshpk/-/sshpk-1.13.1.tgz",
      "integrity": "sha1-US322mKHFEMW3EwY/hzx2UBzm+M=",
      "dependencies": {
        "assert-plus": {
          "version": "1.0.0",
          "resolved": "https://registry.npmjs.org/assert-plus/-/assert-plus-1.0.0.tgz",
          "integrity": "sha1-8S4PPF13sLHN2RRpQuTpbB5N1SU="
        }
      }
    },
    "stack-trace": {
      "version": "0.0.9",
      "resolved": "https://registry.npmjs.org/stack-trace/-/stack-trace-0.0.9.tgz",
      "integrity": "sha1-qPbq7KkGdMMz58Q5U/J1tFFRBpU="
    },
    "string-kit": {
      "version": "0.6.1",
      "resolved": "https://registry.npmjs.org/string-kit/-/string-kit-0.6.1.tgz",
      "integrity": "sha512-TSdRAi2iLv8huO77ZXThDkOn9o7Y+XSLVeNzmh2Y/GG/wQFdOIsA8LPVph0YelRvsMKkTnLGd/U9Vrxofk5edQ=="
    },
    "string-width": {
      "version": "2.1.1",
      "resolved": "https://registry.npmjs.org/string-width/-/string-width-2.1.1.tgz",
      "integrity": "sha512-nOqH59deCq9SRHlxq1Aw85Jnt4w6KvLKqWVik6oA9ZklXLNIOlqg4F2yrT1MVaTjAqvVwdfeZ7w7aCvJD7ugkw==",
      "dependencies": {
        "ansi-regex": {
          "version": "3.0.0",
          "resolved": "https://registry.npmjs.org/ansi-regex/-/ansi-regex-3.0.0.tgz",
          "integrity": "sha1-7QMXwyIGT3lGbAKWa922Bas32Zg="
        },
        "strip-ansi": {
          "version": "4.0.0",
          "resolved": "https://registry.npmjs.org/strip-ansi/-/strip-ansi-4.0.0.tgz",
          "integrity": "sha1-qEeQIusaw2iocTibY1JixQXuNo8="
        }
      }
    },
    "stringstream": {
      "version": "0.0.5",
      "resolved": "https://registry.npmjs.org/stringstream/-/stringstream-0.0.5.tgz",
      "integrity": "sha1-TkhM1N5aC7vuGORjB3EKioFiGHg="
    },
    "strip-ansi": {
      "version": "3.0.1",
      "resolved": "https://registry.npmjs.org/strip-ansi/-/strip-ansi-3.0.1.tgz",
      "integrity": "sha1-ajhfuIU9lS1f8F0Oiq+UJ43GPc8="
    },
    "supports-color": {
      "version": "2.0.0",
      "resolved": "https://registry.npmjs.org/supports-color/-/supports-color-2.0.0.tgz",
      "integrity": "sha1-U10EXOa2Nj+kARcIRimZXp3zJMc="
    },
    "table": {
      "version": "4.0.1",
      "resolved": "https://registry.npmjs.org/table/-/table-4.0.1.tgz",
      "integrity": "sha1-qBFsEz+sLGH0pCCrbN9cTWHw5DU="
    },
    "terminal-kit": {
      "version": "1.13.10",
      "resolved": "https://registry.npmjs.org/terminal-kit/-/terminal-kit-1.13.10.tgz",
      "integrity": "sha512-SPW0lCKP3Wv2fShmvMQPmndiDc76TO2pJwyoEYJFWT1xuswuyAYlLIVhYgE0qEjcnlsTer2X24gAnP1hdxZ60A=="
    },
    "through": {
      "version": "2.3.8",
      "resolved": "https://registry.npmjs.org/through/-/through-2.3.8.tgz",
      "integrity": "sha1-DdTJ/6q8NXlgsbckEV1+Doai4fU="
    },
    "timed-out": {
      "version": "4.0.1",
      "resolved": "https://registry.npmjs.org/timed-out/-/timed-out-4.0.1.tgz",
      "integrity": "sha1-8y6srFoXW+ol1/q1Zas+2HQe9W8="
    },
    "tough-cookie": {
      "version": "2.3.2",
      "resolved": "https://registry.npmjs.org/tough-cookie/-/tough-cookie-2.3.2.tgz",
      "integrity": "sha1-8IH3bkyFcg5sN6X6ztc3FQ2EByo="
    },
    "tree-kit": {
      "version": "0.5.26",
      "resolved": "https://registry.npmjs.org/tree-kit/-/tree-kit-0.5.26.tgz",
      "integrity": "sha1-hXHIb6JNHbdU5bDLOn4J9B50qN8="
    },
    "tunnel-agent": {
      "version": "0.6.0",
      "resolved": "https://registry.npmjs.org/tunnel-agent/-/tunnel-agent-0.6.0.tgz",
      "integrity": "sha1-J6XeoGs2sEoKmWZ3SykIaPD8QP0="
    },
    "tweetnacl": {
      "version": "0.14.5",
      "resolved": "https://registry.npmjs.org/tweetnacl/-/tweetnacl-0.14.5.tgz",
      "integrity": "sha1-WuaBd/GS1EViadEIr6k/+HQ/T2Q=",
      "optional": true
    },
    "uniq": {
      "version": "1.0.1",
      "resolved": "https://registry.npmjs.org/uniq/-/uniq-1.0.1.tgz",
      "integrity": "sha1-sxxa6CVIRKOoKBVBzisEuGWnNP8="
    },
    "uuid": {
      "version": "2.0.3",
      "resolved": "https://registry.npmjs.org/uuid/-/uuid-2.0.3.tgz",
      "integrity": "sha1-Z+LoY3lyFVMN/zGOW/nc6/1Hsho="
    },
    "verror": {
      "version": "1.10.0",
      "resolved": "https://registry.npmjs.org/verror/-/verror-1.10.0.tgz",
      "integrity": "sha1-OhBcoXBTr1XW4nDB+CiGguGNpAA=",
      "dependencies": {
        "assert-plus": {
          "version": "1.0.0",
          "resolved": "https://registry.npmjs.org/assert-plus/-/assert-plus-1.0.0.tgz",
          "integrity": "sha1-8S4PPF13sLHN2RRpQuTpbB5N1SU="
        }
      }
    },
    "whatwg-fetch": {
      "version": "2.0.3",
      "resolved": "https://registry.npmjs.org/whatwg-fetch/-/whatwg-fetch-2.0.3.tgz",
      "integrity": "sha1-nITsLc9oGH/wC8ZOEnS0QhduHIQ="
    },
    "xregexp": {
      "version": "3.2.0",
      "resolved": "https://registry.npmjs.org/xregexp/-/xregexp-3.2.0.tgz",
      "integrity": "sha1-yzYBmHv+JpW1hAAMGPHEqMMih44="
    }
  }
}
